
Microsoft Visual Studio Solution File, Format Version 12.00
# Visual Studio Version 16
VisualStudioVersion = 16.0.31321.278
MinimumVisualStudioVersion = 10.0.40219.1
Project("{FAE04EC0-301F-11D3-BF4B-00C04F79EFBC}") = "ProjetoRegis", "ProjetoRegis\ProjetoRegis.csproj", "{5F8463A7-13FC-425F-A80E-8BE32B7977BC}"
EndProject
Global
	GlobalSection(SolutionConfigurationPlatforms) = preSolution
		Debug|Any CPU = Debug|Any CPU
		Release|Any CPU = Release|Any CPU
	EndGlobalSection
	GlobalSection(ProjectConfigurationPlatforms) = postSolution
		{5F8463A7-13FC-425F-A80E-8BE32B7977BC}.Debug|Any CPU.ActiveCfg = Debug|Any CPU
		{5F8463A7-13FC-425F-A80E-8BE32B7977BC}.Debug|Any CPU.Build.0 = Debug|Any CPU
		{5F8463A7-13FC-425F-A80E-8BE32B7977BC}.Release|Any CPU.ActiveCfg = Release|Any CPU
		{5F8463A7-13FC-425F-A80E-8BE32B7977BC}.Release|Any CPU.Build.0 = Release|Any CPU
	EndGlobalSection
	GlobalSection(SolutionProperties) = preSolution
		HideSolutionNode = FALSE
	EndGlobalSection
	GlobalSection(ExtensibilityGlobals) = postSolution
		SolutionGuid = {907E546A-8B5F-4A47-932B-E64629225E1C}
	EndGlobalSection
EndGlobal
